PATH
  remote: ../
  specs:
    barber (0.8.1)
      ember-source (>= 1.0, < 2)
      execjs (>= 1.2, < 3)

GEM
  remote: https://rubygems.org/
  specs:
    appraisal (1.0.3)
      bundler
      rake
      thor (>= 0.14.0)
    docile (1.1.5)
    ember-source (1.9.1)
      handlebars-source (~> 2.0)
    execjs (2.4.0)
    handlebars-source (2.0.0)
    metaclass (0.0.4)
    minitest (4.7.5)
    mocha (1.1.0)
      metaclass (~> 0.0.1)
    multi_json (1.11.0)
    rake (10.4.2)
    simplecov (0.9.2)
      docile (~> 1.1.0)
      multi_json (~> 1.0)
      simplecov-html (~> 0.9.0)
    simplecov-html (0.9.0)
    thor (0.19.1)

PLATFORMS
  ruby

DEPENDENCIES
  appraisal
  barber!
  ember-source (~> 1.9.0)
  handlebars-source (< 3.1)
  minitest (~> 4.0)
  mocha (~> 1.0)
  rake
  simplecov
  therubyrhino
