PATH
  remote: /Users/machty/code/gits/barber
  specs:
    barber (0.4.0)
      ember-source
      execjs
      handlebars-source

GEM
  remote: https://rubygems.org/
  specs:
    appraisal (0.5.1)
      bundler
      rake
    ember-source (1.0.0.rc1.0)
      handlebars-source (= 1.0.0.rc3)
    execjs (1.4.0)
      multi_json (~> 1.0)
    handlebars-source (1.0.0.rc.3)
    metaclass (0.0.1)
    mocha (0.13.2)
      metaclass (~> 0.0.1)
    multi_json (1.6.1)
    rake (10.0.3)
    simplecov (0.7.1)
      multi_json (~> 1.0)
      simplecov-html (~> 0.7.1)
    simplecov-html (0.7.1)

PLATFORMS
  ruby

DEPENDENCIES
  appraisal
  barber!
  ember-source (= 1.0.0.rc1.0)
  mocha
  rake
  simplecov
  therubyrhino
